<?xml version="1.0" encoding="utf-8"?>
<Project ToolsVersion="4.0" xmlns="http://schemas.microsoft.com/developer/msbuild/2003">
  <ItemGroup>
    <Filter Include="Source Files">
      <UniqueIdentifier>{4FC737F1-C7A5-4376-A066-2A32D752A2FF}</UniqueIdentifier>
      <Extensions>cpp;c;cc;cxx;c++;cppm;ixx;def;odl;idl;hpj;bat;asm;asmx</Extensions>
    </Filter>
    <Filter Include="Header Files">
      <UniqueIdentifier>{93995380-89BD-4b04-88EB-625FBE52EBFB}</UniqueIdentifier>
      <Extensions>h;hh;hpp;hxx;h++;hm;inl;inc;ipp;xsd</Extensions>
    </Filter>
    <Filter Include="Resource Files">
      <UniqueIdentifier>{67DA6AB6-F800-4c08-8B7A-83BB121AAD01}</UniqueIdentifier>
      <Extensions>rc;ico;cur;bmp;dlg;rc2;rct;bin;rgs;gif;jpg;jpeg;jpe;resx;tiff;tif;png;wav;mfcribbon-ms</Extensions>
    </Filter>
  </ItemGroup>
  <ItemGroup>
    <ClCompile Include="pch.cpp">
      <Filter>Source Files</Filter>
    </ClCompile>
    <ClCompile Include="Core.cpp">
      <Filter>Source Files</Filter>
    </ClCompile>
    <ClCompile Include="Game.cpp">
      <Filter>Source Files</Filter>
    </ClCompile>
    <ClCompile Include="main.cpp">
      <Filter>Source Files</Filter>
    </ClCompile>
    <ClCompile Include="structs.cpp">
      <Filter>Source Files</Filter>
    </ClCompile>
    <ClCompile Include="utils.cpp">
      <Filter>Source Files</Filter>
    </ClCompile>
    <ClCompile Include="CardManager.cpp">
      <Filter>Source Files</Filter>
    </ClCompile>
  </ItemGroup>
  <ItemGroup>
    <ClInclude Include="pch.h">
      <Filter>Header Files</Filter>
    </ClInclude>
    <ClInclude Include="Core.h">
      <Filter>Header Files</Filter>
    </ClInclude>
    <ClInclude Include="Game.h">
      <Filter>Header Files</Filter>
    </ClInclude>
    <ClInclude Include="structs.h">
      <Filter>Header Files</Filter>
    </ClInclude>
    <ClInclude Include="utils.h">
      <Filter>Header Files</Filter>
    </ClInclude>
    <ClInclude Include="CardManager.h">
      <Filter>Header Files</Filter>
    </ClInclude>
  </ItemGroup>
  <ItemGroup>
    <None Include="SDLWin32.props" />
    <None Include="SDLx64.props" />
  </ItemGroup>
  <ItemGroup>
    <Image Include="Resources\101.png">
      <Filter>Resource Files</Filter>
    </Image>
    <Image Include="Resources\102.png">
      <Filter>Resource Files</Filter>
    </Image>
    <Image Include="Resources\103.png">
      <Filter>Resource Files</Filter>
    </Image>
    <Image Include="Resources\104.png">
      <Filter>Resource Files</Filter>
    </Image>
    <Image Include="Resources\105.png">
      <Filter>Resource Files</Filter>
    </Image>
    <Image Include="Resources\106.png">
      <Filter>Resource Files</Filter>
    </Image>
    <Image Include="Resources\107.png">
      <Filter>Resource Files</Filter>
    </Image>
    <Image Include="Resources\108.png">
      <Filter>Resource Files</Filter>
    </Image>
    <Image Include="Resources\109.png">
      <Filter>Resource Files</Filter>
    </Image>
    <Image Include="Resources\110.png">
      <Filter>Resource Files</Filter>
    </Image>
    <Image Include="Resources\111.png">
      <Filter>Resource Files</Filter>
    </Image>
    <Image Include="Resources\112.png">
      <Filter>Resource Files</Filter>
    </Image>
    <Image Include="Resources\113.png">
      <Filter>Resource Files</Filter>
    </Image>
    <Image Include="Resources\201.png">
      <Filter>Resource Files</Filter>
    </Image>
    <Image Include="Resources\202.png">
      <Filter>Resource Files</Filter>
    </Image>
    <Image Include="Resources\203.png">
      <Filter>Resource Files</Filter>
    </Image>
    <Image Include="Resources\204.png">
      <Filter>Resource Files</Filter>
    </Image>
    <Image Include="Resources\205.png">
      <Filter>Resource Files</Filter>
    </Image>
    <Image Include="Resources\206.png">
      <Filter>Resource Files</Filter>
    </Image>
    <Image Include="Resources\207.png">
      <Filter>Resource Files</Filter>
    </Image>
    <Image Include="Resources\208.png">
      <Filter>Resource Files</Filter>
    </Image>
    <Image Include="Resources\209.png">
      <Filter>Resource Files</Filter>
    </Image>
    <Image Include="Resources\210.png">
      <Filter>Resource Files</Filter>
    </Image>
    <Image Include="Resources\211.png">
      <Filter>Resource Files</Filter>
    </Image>
    <Image Include="Resources\212.png">
      <Filter>Resource Files</Filter>
    </Image>
    <Image Include="Resources\213.png">
      <Filter>Resource Files</Filter>
    </Image>
    <Image Include="Resources\301.png">
      <Filter>Resource Files</Filter>
    </Image>
    <Image Include="Resources\302.png">
      <Filter>Resource Files</Filter>
    </Image>
    <Image Include="Resources\303.png">
      <Filter>Resource Files</Filter>
    </Image>
    <Image Include="Resources\304.png">
      <Filter>Resource Files</Filter>
    </Image>
    <Image Include="Resources\305.png">
      <Filter>Resource Files</Filter>
    </Image>
    <Image Include="Resources\306.png">
      <Filter>Resource Files</Filter>
    </Image>
    <Image Include="Resources\307.png">
      <Filter>Resource Files</Filter>
    </Image>
    <Image Include="Resources\308.png">
      <Filter>Resource Files</Filter>
    </Image>
    <Image Include="Resources\309.png">
      <Filter>Resource Files</Filter>
    </Image>
    <Image Include="Resources\310.png">
      <Filter>Resource Files</Filter>
    </Image>
    <Image Include="Resources\311.png">
      <Filter>Resource Files</Filter>
    </Image>
    <Image Include="Resources\312.png">
      <Filter>Resource Files</Filter>
    </Image>
    <Image Include="Resources\313.png">
      <Filter>Resource Files</Filter>
    </Image>
    <Image Include="Resources\401.png">
      <Filter>Resource Files</Filter>
    </Image>
    <Image Include="Resources\402.png">
      <Filter>Resource Files</Filter>
    </Image>
    <Image Include="Resources\403.png">
      <Filter>Resource Files</Filter>
    </Image>
    <Image Include="Resources\404.png">
      <Filter>Resource Files</Filter>
    </Image>
    <Image Include="Resources\405.png">
      <Filter>Resource Files</Filter>
    </Image>
    <Image Include="Resources\406.png">
      <Filter>Resource Files</Filter>
    </Image>
    <Image Include="Resources\407.png">
      <Filter>Resource Files</Filter>
    </Image>
    <Image Include="Resources\408.png">
      <Filter>Resource Files</Filter>
    </Image>
    <Image Include="Resources\409.png">
      <Filter>Resource Files</Filter>
    </Image>
    <Image Include="Resources\410.png">
      <Filter>Resource Files</Filter>
    </Image>
    <Image Include="Resources\411.png">
      <Filter>Resource Files</Filter>
    </Image>
    <Image Include="Resources\412.png">
      <Filter>Resource Files</Filter>
    </Image>
    <Image Include="Resources\413.png">
      <Filter>Resource Files</Filter>
    </Image>
  </ItemGroup>
</Project>