
Microsoft Visual Studio Solution File, Format Version 12.00
# Visual Studio Version 17
VisualStudioVersion = 17.3.32922.545
MinimumVisualStudioVersion = 10.0.40219.1
Project("{8BC9CEB8-8B4A-11D0-8D11-00A0C91BC942}") = "MathVector", "MathVector.vcxproj", "{874FA31C-C6BF-4C4C-8648-B94789FD7548}"
EndProject
Global
	GlobalSection(SolutionConfigurationPlatforms) = preSolution
		Debug|x64 = Debug|x64
		Debug|x86 = Debug|x86
		Release|x64 = Release|x64
		Release|x86 = Release|x86
	EndGlobalSection
	GlobalSection(ProjectConfigurationPlatforms) = postSolution
		{874FA31C-C6BF-4C4C-8648-B94789FD7548}.Debug|x64.ActiveCfg = Debug|x64
		{874FA31C-C6BF-4C4C-8648-B94789FD7548}.Debug|x64.Build.0 = Debug|x64
		{874FA31C-C6BF-4C4C-8648-B94789FD7548}.Debug|x86.ActiveCfg = Debug|Win32
		{874FA31C-C6BF-4C4C-8648-B94789FD7548}.Debug|x86.Build.0 = Debug|Win32
		{874FA31C-C6BF-4C4C-8648-B94789FD7548}.Release|x64.ActiveCfg = Release|x64
		{874FA31C-C6BF-4C4C-8648-B94789FD7548}.Release|x64.Build.0 = Release|x64
		{874FA31C-C6BF-4C4C-8648-B94789FD7548}.Release|x86.ActiveCfg = Release|Win32
		{874FA31C-C6BF-4C4C-8648-B94789FD7548}.Release|x86.Build.0 = Release|Win32
	EndGlobalSection
	GlobalSection(SolutionProperties) = preSolution
		HideSolutionNode = FALSE
	EndGlobalSection
	GlobalSection(ExtensibilityGlobals) = postSolution
		SolutionGuid = {3C8D4139-4E04-4AF8-91AC-8AD8D624FD8E}
	EndGlobalSection
EndGlobal
