
Microsoft Visual Studio Solution File, Format Version 12.00
# Visual Studio Version 17
VisualStudioVersion = 17.3.32922.545
MinimumVisualStudioVersion = 10.0.40219.1
Project("{8BC9CEB8-8B4A-11D0-8D11-00A0C91BC942}") = "DrawFunctions", "DrawFunctions.vcxproj", "{FE615210-2D7F-47F0-9D7D-1A30E9076DFE}"
EndProject
Global
	GlobalSection(SolutionConfigurationPlatforms) = preSolution
		Debug|x64 = Debug|x64
		Debug|x86 = Debug|x86
		Release|x64 = Release|x64
		Release|x86 = Release|x86
	EndGlobalSection
	GlobalSection(ProjectConfigurationPlatforms) = postSolution
		{FE615210-2D7F-47F0-9D7D-1A30E9076DFE}.Debug|x64.ActiveCfg = Debug|x64
		{FE615210-2D7F-47F0-9D7D-1A30E9076DFE}.Debug|x64.Build.0 = Debug|x64
		{FE615210-2D7F-47F0-9D7D-1A30E9076DFE}.Debug|x86.ActiveCfg = Debug|Win32
		{FE615210-2D7F-47F0-9D7D-1A30E9076DFE}.Debug|x86.Build.0 = Debug|Win32
		{FE615210-2D7F-47F0-9D7D-1A30E9076DFE}.Release|x64.ActiveCfg = Release|x64
		{FE615210-2D7F-47F0-9D7D-1A30E9076DFE}.Release|x64.Build.0 = Release|x64
		{FE615210-2D7F-47F0-9D7D-1A30E9076DFE}.Release|x86.ActiveCfg = Release|Win32
		{FE615210-2D7F-47F0-9D7D-1A30E9076DFE}.Release|x86.Build.0 = Release|Win32
	EndGlobalSection
	GlobalSection(SolutionProperties) = preSolution
		HideSolutionNode = FALSE
	EndGlobalSection
	GlobalSection(ExtensibilityGlobals) = postSolution
		SolutionGuid = {20E19C4D-303C-4A1B-A212-46BE97AE5F6A}
	EndGlobalSection
EndGlobal
